
Microsoft Visual Studio Solution File, Format Version 12.00
# Visual Studio Version 17
VisualStudioVersion = 17.1.32228.430
MinimumVisualStudioVersion = 10.0.40219.1
Project("{FAE04EC0-301F-11D3-BF4B-00C04F79EFBC}") = "WebBrowser.UI", "WebBrowser.UI\WebBrowser.UI.csproj", "{C4DDACE9-7811-4646-B875-07591BCD59DC}"
EndProject
Project("{FAE04EC0-301F-11D3-BF4B-00C04F79EFBC}") = "WebBrowser.Logic", "WebBrowser.Logic\WebBrowser.Logic.csproj", "{BA020885-DDE2-4988-8FD4-0BCC15F81D32}"
EndProject
Project("{FAE04EC0-301F-11D3-BF4B-00C04F79EFBC}") = "WebBrowser.Data", "WebBrowser.Data\WebBrowser.Data.csproj", "{72A50413-2828-4F76-92A0-8560E5160A50}"
EndProject
Global
	GlobalSection(SolutionConfigurationPlatforms) = preSolution
		Debug|Any CPU = Debug|Any CPU
		Release|Any CPU = Release|Any CPU
	EndGlobalSection
	GlobalSection(ProjectConfigurationPlatforms) = postSolution
		{C4DDACE9-7811-4646-B875-07591BCD59DC}.Debug|Any CPU.ActiveCfg = Debug|Any CPU
		{C4DDACE9-7811-4646-B875-07591BCD59DC}.Debug|Any CPU.Build.0 = Debug|Any CPU
		{C4DDACE9-7811-4646-B875-07591BCD59DC}.Release|Any CPU.ActiveCfg = Release|Any CPU
		{C4DDACE9-7811-4646-B875-07591BCD59DC}.Release|Any CPU.Build.0 = Release|Any CPU
		{BA020885-DDE2-4988-8FD4-0BCC15F81D32}.Debug|Any CPU.ActiveCfg = Debug|Any CPU
		{BA020885-DDE2-4988-8FD4-0BCC15F81D32}.Debug|Any CPU.Build.0 = Debug|Any CPU
		{BA020885-DDE2-4988-8FD4-0BCC15F81D32}.Release|Any CPU.ActiveCfg = Release|Any CPU
		{BA020885-DDE2-4988-8FD4-0BCC15F81D32}.Release|Any CPU.Build.0 = Release|Any CPU
		{72A50413-2828-4F76-92A0-8560E5160A50}.Debug|Any CPU.ActiveCfg = Debug|Any CPU
		{72A50413-2828-4F76-92A0-8560E5160A50}.Debug|Any CPU.Build.0 = Debug|Any CPU
		{72A50413-2828-4F76-92A0-8560E5160A50}.Release|Any CPU.ActiveCfg = Release|Any CPU
		{72A50413-2828-4F76-92A0-8560E5160A50}.Release|Any CPU.Build.0 = Release|Any CPU
	EndGlobalSection
	GlobalSection(SolutionProperties) = preSolution
		HideSolutionNode = FALSE
	EndGlobalSection
	GlobalSection(ExtensibilityGlobals) = postSolution
		SolutionGuid = {59AA7655-10BC-4424-ABC4-0600D695A794}
	EndGlobalSection
EndGlobal
